// !$*UTF8*$!
{
	archiveVersion = 1;
	classes = {};
	objectVersion = 56;
	objects = {
		18194E0D7C4E098B949B61B5 = { isa = PBXFileReference; lastKnownFileType = sourcecode.swift; path = "Sources/PodTrack/AppLifecycle.swift"; sourceTree = SOURCE_ROOT; };
		83138EC0A4BA81F25353E41E = { isa = PBXBuildFile; fileRef = 18194E0D7C4E098B949B61B5; };
		5F053A1742BF6FBC16316D30 = { isa = PBXFileReference; lastKnownFileType = sourcecode.swift; path = "Sources/PodTrack/Export/SaveExporter.swift"; sourceTree = SOURCE_ROOT; };
		3217DBC2D9F50C93B438D050 = { isa = PBXBuildFile; fileRef = 5F053A1742BF6FBC16316D30; };
		6BB7F951344468E3C5D83B52 = { isa = PBXFileReference; lastKnownFileType = sourcecode.swift; path = "Sources/PodTrack/Motion/AirPodsMotionSource.swift"; sourceTree = SOURCE_ROOT; };
		D0D229361A1AEA52D2CF09CF = { isa = PBXBuildFile; fileRef = 6BB7F951344468E3C5D83B52; };
		AB32B65B0D0202EF8B2226A3 = { isa = PBXFileReference; lastKnownFileType = sourcecode.swift; path = "Sources/PodTrack/Motion/HeadphoneMotionSession.swift"; sourceTree = SOURCE_ROOT; };
		10FA335EF9A27CAEBCB5B51A = { isa = PBXBuildFile; fileRef = AB32B65B0D0202EF8B2226A3; };
		8B2C2F0BDBC9AAD674465FDF = { isa = PBXFileReference; lastKnownFileType = sourcecode.swift; path = "Sources/PodTrack/Motion/MotionSource.swift"; sourceTree = SOURCE_ROOT; };
		6FEF78A825154DE141470372 = { isa = PBXBuildFile; fileRef = 8B2C2F0BDBC9AAD674465FDF; };
		94445773FCE2D05B03AC7F09 = { isa = PBXFileReference; lastKnownFileType = sourcecode.swift; path = "Sources/PodTrack/Motion/SimulatedTrackMotionSource.swift"; sourceTree = SOURCE_ROOT; };
		C1270B726839C9B433DF2C6E = { isa = PBXBuildFile; fileRef = 94445773FCE2D05B03AC7F09; };
		759F40E20AA336D23C9A6554 = { isa = PBXFileReference; lastKnownFileType = sourcecode.swift; path = "Sources/PodTrack/PodTrackApp.swift"; sourceTree = SOURCE_ROOT; };
		21841E328B0BBC97DC78C484 = { isa = PBXBuildFile; fileRef = 759F40E20AA336D23C9A6554; };
		174524A9122D1EECFF8E85FB = { isa = PBXFileReference; lastKnownFileType = sourcecode.swift; path = "Sources/PodTrack/PrototypeVerification.swift"; sourceTree = SOURCE_ROOT; };
		5D9B0CC9038BC91098123D43 = { isa = PBXBuildFile; fileRef = 174524A9122D1EECFF8E85FB; };
		455FE1C72358881650950846 = { isa = PBXFileReference; lastKnownFileType = sourcecode.swift; path = "Sources/PodTrack/ReplayCarVerification.swift"; sourceTree = SOURCE_ROOT; };
		760BEBEA1E56AF472B8AD0D3 = { isa = PBXBuildFile; fileRef = 455FE1C72358881650950846; };
		F123EEA2BAECAAC3DE881B3E = { isa = PBXFileReference; lastKnownFileType = sourcecode.swift; path = "Sources/PodTrack/RunLibraryVerification.swift"; sourceTree = SOURCE_ROOT; };
		7B4CC8487A5A93BD1D4FD97D = { isa = PBXBuildFile; fileRef = F123EEA2BAECAAC3DE881B3E; };
		D42174C359AB40930033F5FE = { isa = PBXFileReference; lastKnownFileType = sourcecode.swift; path = "Sources/PodTrack/ViewModels/AppModel.swift"; sourceTree = SOURCE_ROOT; };
		B77E1CCFB65BFB3783B49FB9 = { isa = PBXBuildFile; fileRef = D42174C359AB40930033F5FE; };
		14A88C6369D4B574C454982A = { isa = PBXFileReference; lastKnownFileType = sourcecode.swift; path = "Sources/PodTrack/Views/AlgorithmComparisonView.swift"; sourceTree = SOURCE_ROOT; };
		5EF85DC42D8C16329FDBC329 = { isa = PBXBuildFile; fileRef = 14A88C6369D4B574C454982A; };
		915BAC945EAC22977B688A2B = { isa = PBXFileReference; lastKnownFileType = sourcecode.swift; path = "Sources/PodTrack/Views/AnalysisCharts.swift"; sourceTree = SOURCE_ROOT; };
		BE9281BDD96A2F3C0162F55F = { isa = PBXBuildFile; fileRef = 915BAC945EAC22977B688A2B; };
		BE18D363F57A0664D0FC004B = { isa = PBXFileReference; lastKnownFileType = sourcecode.swift; path = "Sources/PodTrack/Views/AnalysisView.swift"; sourceTree = SOURCE_ROOT; };
		ACFC00DE5C3FF78CCA9F8E6B = { isa = PBXBuildFile; fileRef = BE18D363F57A0664D0FC004B; };
		FE930DE292BCD38ABCA6F45F = { isa = PBXFileReference; lastKnownFileType = sourcecode.swift; path = "Sources/PodTrack/Views/CompareRunsView.swift"; sourceTree = SOURCE_ROOT; };
		3029B0D4E049A7FABF8A411E = { isa = PBXBuildFile; fileRef = FE930DE292BCD38ABCA6F45F; };
		B5606B605E16BFA2F52BA836 = { isa = PBXFileReference; lastKnownFileType = sourcecode.swift; path = "Sources/PodTrack/Views/Comparison3DView.swift"; sourceTree = SOURCE_ROOT; };
		41D4CEFF4161EE3D0A5FC7C9 = { isa = PBXBuildFile; fileRef = B5606B605E16BFA2F52BA836; };
		DEE6D8FC3EDFB7194B126588 = { isa = PBXFileReference; lastKnownFileType = sourcecode.swift; path = "Sources/PodTrack/Views/DashboardView.swift"; sourceTree = SOURCE_ROOT; };
		4091E3E8AA8213658E3DA3D8 = { isa = PBXBuildFile; fileRef = DEE6D8FC3EDFB7194B126588; };
		AC74BF782DABB1616B5D48A1 = { isa = PBXFileReference; lastKnownFileType = sourcecode.swift; path = "Sources/PodTrack/Views/DesignSystem.swift"; sourceTree = SOURCE_ROOT; };
		AEF7A003F3241F7AF39770B5 = { isa = PBXBuildFile; fileRef = AC74BF782DABB1616B5D48A1; };
		E180937949882CCDFAC26421 = { isa = PBXFileReference; lastKnownFileType = sourcecode.swift; path = "Sources/PodTrack/Views/DiagnosticsView.swift"; sourceTree = SOURCE_ROOT; };
		3F62EC520F8ECB380524A9DD = { isa = PBXBuildFile; fileRef = E180937949882CCDFAC26421; };
		801D3F7081D2AC0F59925080 = { isa = PBXFileReference; lastKnownFileType = sourcecode.swift; path = "Sources/PodTrack/Views/ExportView.swift"; sourceTree = SOURCE_ROOT; };
		05A327D0EA44F6A97C70A016 = { isa = PBXBuildFile; fileRef = 801D3F7081D2AC0F59925080; };
		53514DB23B7607C228314FC9 = { isa = PBXFileReference; lastKnownFileType = sourcecode.swift; path = "Sources/PodTrack/Views/HeadphoneConnectionView.swift"; sourceTree = SOURCE_ROOT; };
		EF4473F94BFBF08C1904B6FF = { isa = PBXBuildFile; fileRef = 53514DB23B7607C228314FC9; };
		ADB46F78F3E69598D7F18705 = { isa = PBXFileReference; lastKnownFileType = sourcecode.swift; path = "Sources/PodTrack/Views/HowItWorksContent.swift"; sourceTree = SOURCE_ROOT; };
		3AA90599AC6CE5AE970F28F0 = { isa = PBXBuildFile; fileRef = ADB46F78F3E69598D7F18705; };
		A3BF6A879A195FB1B2764A3D = { isa = PBXFileReference; lastKnownFileType = sourcecode.swift; path = "Sources/PodTrack/Views/HowItWorksDiagrams.swift"; sourceTree = SOURCE_ROOT; };
		B903C2977252399EA85F5902 = { isa = PBXBuildFile; fileRef = A3BF6A879A195FB1B2764A3D; };
		E60650020E2297A23A128621 = { isa = PBXFileReference; lastKnownFileType = sourcecode.swift; path = "Sources/PodTrack/Views/HowItWorksSensors.swift"; sourceTree = SOURCE_ROOT; };
		D0E60F92F6CD5DE75FE1DD72 = { isa = PBXBuildFile; fileRef = E60650020E2297A23A128621; };
		5D015486EB9970C521D80F31 = { isa = PBXFileReference; lastKnownFileType = sourcecode.swift; path = "Sources/PodTrack/Views/HowItWorksView.swift"; sourceTree = SOURCE_ROOT; };
		0482C038589250FE8F564446 = { isa = PBXBuildFile; fileRef = 5D015486EB9970C521D80F31; };
		801C7447F468A1A08A3A3E61 = { isa = PBXFileReference; lastKnownFileType = sourcecode.swift; path = "Sources/PodTrack/Views/RecordRunView.swift"; sourceTree = SOURCE_ROOT; };
		27383DAB2EE1CB43C26A1AF7 = { isa = PBXBuildFile; fileRef = 801C7447F468A1A08A3A3E61; };
		1342E643A728A0642C85872A = { isa = PBXFileReference; lastKnownFileType = sourcecode.swift; path = "Sources/PodTrack/Views/ReplayCarNode.swift"; sourceTree = SOURCE_ROOT; };
		30E50D485693448140F73749 = { isa = PBXBuildFile; fileRef = 1342E643A728A0642C85872A; };
		DBCED47AD83A5C866A3BC79E = { isa = PBXFileReference; lastKnownFileType = sourcecode.swift; path = "Sources/PodTrack/Views/RootView.swift"; sourceTree = SOURCE_ROOT; };
		4B245F853ABD65FD3EA7E2F8 = { isa = PBXBuildFile; fileRef = DBCED47AD83A5C866A3BC79E; };
		7255F5B0435804EBEC5CFD3F = { isa = PBXFileReference; lastKnownFileType = sourcecode.swift; path = "Sources/PodTrack/Views/RunEditSheet.swift"; sourceTree = SOURCE_ROOT; };
		7F7C142A85CFDF347BA0B1A9 = { isa = PBXBuildFile; fileRef = 7255F5B0435804EBEC5CFD3F; };
		C7D8F1F083329BC382AF31C3 = { isa = PBXFileReference; lastKnownFileType = sourcecode.swift; path = "Sources/PodTrack/Views/RunHeightSetupView.swift"; sourceTree = SOURCE_ROOT; };
		956B64BF6A6E312BC5C08940 = { isa = PBXBuildFile; fileRef = C7D8F1F083329BC382AF31C3; };
		F042B189C0DA91ECB8BD2B3E = { isa = PBXFileReference; lastKnownFileType = sourcecode.swift; path = "Sources/PodTrack/Views/RunLibraryControls.swift"; sourceTree = SOURCE_ROOT; };
		6B69ACDB2D3BA11153463FFD = { isa = PBXBuildFile; fileRef = F042B189C0DA91ECB8BD2B3E; };
		99103E64B7071CD5A3C8C5F6 = { isa = PBXFileReference; lastKnownFileType = sourcecode.swift; path = "Sources/PodTrack/Views/SignalChartView.swift"; sourceTree = SOURCE_ROOT; };
		1F6C307FCAFFE58A0C3BDEBC = { isa = PBXBuildFile; fileRef = 99103E64B7071CD5A3C8C5F6; };
		75AD256125F472E48142F54E = { isa = PBXFileReference; lastKnownFileType = sourcecode.swift; path = "Sources/PodTrack/Views/Track3DView.swift"; sourceTree = SOURCE_ROOT; };
		936FA159A2BCB8066106B868 = { isa = PBXBuildFile; fileRef = 75AD256125F472E48142F54E; };
		88B31C88AB29A598778499BE = { isa = PBXFileReference; lastKnownFileType = sourcecode.swift; path = "Sources/PodTrack/Views/TrackExplorerView.swift"; sourceTree = SOURCE_ROOT; };
		96D014E4179A0CA75C20A726 = { isa = PBXBuildFile; fileRef = 88B31C88AB29A598778499BE; };
		3F4928F0AAB93DAD30EE28B0 = { isa = PBXFileReference; lastKnownFileType = sourcecode.swift; path = "Sources/PodTrack/Views/TrackProjectionViews.swift"; sourceTree = SOURCE_ROOT; };
		999DD32BDBDA134CA0E74ED2 = { isa = PBXBuildFile; fileRef = 3F4928F0AAB93DAD30EE28B0; };
		8EC17D74593D5EAEEC40EDC0 = { isa = PBXFileReference; lastKnownFileType = sourcecode.swift; path = "Sources/PodTrack/Views/TrackScene.swift"; sourceTree = SOURCE_ROOT; };
		9537943F80296BC660AF5A85 = { isa = PBXBuildFile; fileRef = 8EC17D74593D5EAEEC40EDC0; };
		7872088419C36AC3F04DCE74 = { isa = PBXFileReference; lastKnownFileType = image.png; path = "Sources/PodTrack/Resources/airpods-mac-setup.png"; sourceTree = SOURCE_ROOT; };
		702B210A8BE33FD9DF9B2973 = { isa = PBXBuildFile; fileRef = 7872088419C36AC3F04DCE74; };
		E83EE10EEEBC55C35BF4F67F = { isa = PBXFileReference; lastKnownFileType = image.png; path = "Sources/PodTrack/Resources/airpods-microphone-setup.png"; sourceTree = SOURCE_ROOT; };
		1DC349B7C2385400C7DBA7A5 = { isa = PBXBuildFile; fileRef = E83EE10EEEBC55C35BF4F67F; };
		4E783A9E10D2A8ABA38CD11C = { isa = PBXFileReference; explicitFileType = wrapper.application; includeInIndex = 0; path = PodTrack.app; sourceTree = BUILT_PRODUCTS_DIR; };
		96DC7B6B5526E30EFB51C316 = { isa = PBXGroup; name = App; sourceTree = "<group>"; children = (18194E0D7C4E098B949B61B5, 5F053A1742BF6FBC16316D30, 6BB7F951344468E3C5D83B52, AB32B65B0D0202EF8B2226A3, 8B2C2F0BDBC9AAD674465FDF, 94445773FCE2D05B03AC7F09, 759F40E20AA336D23C9A6554, 174524A9122D1EECFF8E85FB, 455FE1C72358881650950846, F123EEA2BAECAAC3DE881B3E, D42174C359AB40930033F5FE, 14A88C6369D4B574C454982A, 915BAC945EAC22977B688A2B, BE18D363F57A0664D0FC004B, FE930DE292BCD38ABCA6F45F, B5606B605E16BFA2F52BA836, DEE6D8FC3EDFB7194B126588, AC74BF782DABB1616B5D48A1, E180937949882CCDFAC26421, 801D3F7081D2AC0F59925080, 53514DB23B7607C228314FC9, ADB46F78F3E69598D7F18705, A3BF6A879A195FB1B2764A3D, E60650020E2297A23A128621, 5D015486EB9970C521D80F31, 801C7447F468A1A08A3A3E61, 1342E643A728A0642C85872A, DBCED47AD83A5C866A3BC79E, 7255F5B0435804EBEC5CFD3F, C7D8F1F083329BC382AF31C3, F042B189C0DA91ECB8BD2B3E, 99103E64B7071CD5A3C8C5F6, 75AD256125F472E48142F54E, 88B31C88AB29A598778499BE, 3F4928F0AAB93DAD30EE28B0, 8EC17D74593D5EAEEC40EDC0); };
		50F0FC3AFD5FBC981B5A0DDD = { isa = PBXGroup; name = Resources; sourceTree = "<group>"; children = (7872088419C36AC3F04DCE74, E83EE10EEEBC55C35BF4F67F); };
		615B463D1028E4E24B674CF7 = { isa = PBXGroup; name = Products; sourceTree = "<group>"; children = (4E783A9E10D2A8ABA38CD11C); };
		42944EBC669F21BC22392EB5 = { isa = PBXGroup; sourceTree = "<group>"; children = (96DC7B6B5526E30EFB51C316, 50F0FC3AFD5FBC981B5A0DDD, 615B463D1028E4E24B674CF7); };
		F612CD2E22E187AC48B5913C = { isa = PBXSourcesBuildPhase; buildActionMask = 2147483647; runOnlyForDeploymentPostprocessing = 0; files = (83138EC0A4BA81F25353E41E, 3217DBC2D9F50C93B438D050, D0D229361A1AEA52D2CF09CF, 10FA335EF9A27CAEBCB5B51A, 6FEF78A825154DE141470372, C1270B726839C9B433DF2C6E, 21841E328B0BBC97DC78C484, 5D9B0CC9038BC91098123D43, 760BEBEA1E56AF472B8AD0D3, 7B4CC8487A5A93BD1D4FD97D, B77E1CCFB65BFB3783B49FB9, 5EF85DC42D8C16329FDBC329, BE9281BDD96A2F3C0162F55F, ACFC00DE5C3FF78CCA9F8E6B, 3029B0D4E049A7FABF8A411E, 41D4CEFF4161EE3D0A5FC7C9, 4091E3E8AA8213658E3DA3D8, AEF7A003F3241F7AF39770B5, 3F62EC520F8ECB380524A9DD, 05A327D0EA44F6A97C70A016, EF4473F94BFBF08C1904B6FF, 3AA90599AC6CE5AE970F28F0, B903C2977252399EA85F5902, D0E60F92F6CD5DE75FE1DD72, 0482C038589250FE8F564446, 27383DAB2EE1CB43C26A1AF7, 30E50D485693448140F73749, 4B245F853ABD65FD3EA7E2F8, 7F7C142A85CFDF347BA0B1A9, 956B64BF6A6E312BC5C08940, 6B69ACDB2D3BA11153463FFD, 1F6C307FCAFFE58A0C3BDEBC, 936FA159A2BCB8066106B868, 96D014E4179A0CA75C20A726, 999DD32BDBDA134CA0E74ED2, 9537943F80296BC660AF5A85); };
		CF21FADD42EAB8F8303A3895 = { isa = XCLocalSwiftPackageReference; relativePath = .; };
		8D6A224FA1D1DD751157EB0C = { isa = XCSwiftPackageProductDependency; package = CF21FADD42EAB8F8303A3895; productName = PodTrackCore; };
		E6E5511D0DFB6484AC21E80B = { isa = PBXBuildFile; productRef = 8D6A224FA1D1DD751157EB0C; };
		69680EDE0CF9B24DB8DBFE04 = { isa = PBXFrameworksBuildPhase; buildActionMask = 2147483647; runOnlyForDeploymentPostprocessing = 0; files = (E6E5511D0DFB6484AC21E80B); };
		86F6FE2DD6E869C1842A14B3 = { isa = PBXResourcesBuildPhase; buildActionMask = 2147483647; runOnlyForDeploymentPostprocessing = 0; files = (702B210A8BE33FD9DF9B2973, 1DC349B7C2385400C7DBA7A5); };
		ED8772ADEC3A6C25161BC957 = { isa = XCBuildConfiguration; name = Debug; buildSettings = { MACOSX_DEPLOYMENT_TARGET = 14.0; SDKROOT = macosx; CLANG_ENABLE_MODULES = YES; SWIFT_VERSION = 5.0; }; };
		4D8F54E7CBAF670D9F6C230D = { isa = XCBuildConfiguration; name = Debug; buildSettings = { PRODUCT_NAME = "$(TARGET_NAME)"; PRODUCT_BUNDLE_IDENTIFIER = "dev.podtrack.mac"; INFOPLIST_FILE = "Resources/Info.plist"; GENERATE_INFOPLIST_FILE = "NO"; CODE_SIGN_STYLE = "Automatic"; CODE_SIGN_IDENTITY = "-"; ENABLE_HARDENED_RUNTIME = "YES"; ENABLE_APP_SANDBOX = "NO"; SWIFT_OPTIMIZATION_LEVEL = "-Onone"; SWIFT_ACTIVE_COMPILATION_CONDITIONS = "DEBUG"; LD_RUNPATH_SEARCH_PATHS = "$(inherited) @executable_path/../Frameworks"; COMBINE_HIDPI_IMAGES = "YES"; CURRENT_PROJECT_VERSION = "20"; MARKETING_VERSION = "0.10.3"; ONLY_ACTIVE_ARCH = "YES"; }; };
		00F209874A1F7309F6DCEAA7 = { isa = XCBuildConfiguration; name = Release; buildSettings = { MACOSX_DEPLOYMENT_TARGET = 14.0; SDKROOT = macosx; CLANG_ENABLE_MODULES = YES; SWIFT_VERSION = 5.0; }; };
		1A6EFC2CD0AF63DD14BE0438 = { isa = XCBuildConfiguration; name = Release; buildSettings = { PRODUCT_NAME = "$(TARGET_NAME)"; PRODUCT_BUNDLE_IDENTIFIER = "dev.podtrack.mac"; INFOPLIST_FILE = "Resources/Info.plist"; GENERATE_INFOPLIST_FILE = "NO"; CODE_SIGN_STYLE = "Automatic"; CODE_SIGN_IDENTITY = "-"; ENABLE_HARDENED_RUNTIME = "YES"; ENABLE_APP_SANDBOX = "NO"; SWIFT_OPTIMIZATION_LEVEL = "-O"; SWIFT_ACTIVE_COMPILATION_CONDITIONS = ""; LD_RUNPATH_SEARCH_PATHS = "$(inherited) @executable_path/../Frameworks"; COMBINE_HIDPI_IMAGES = "YES"; CURRENT_PROJECT_VERSION = "20"; MARKETING_VERSION = "0.10.3"; ONLY_ACTIVE_ARCH = "NO"; }; };
		640DC9EFD529235A8D9E2727 = { isa = XCConfigurationList; buildConfigurations = (ED8772ADEC3A6C25161BC957, 00F209874A1F7309F6DCEAA7); defaultConfigurationIsVisible = 0; defaultConfigurationName = Release; };
		976B52545947CA66FD9EF2A4 = { isa = XCConfigurationList; buildConfigurations = (4D8F54E7CBAF670D9F6C230D, 1A6EFC2CD0AF63DD14BE0438); defaultConfigurationIsVisible = 0; defaultConfigurationName = Release; };
		F75109BEB4DD8800DA6B45F8 = { isa = PBXNativeTarget; name = PodTrack; productName = PodTrack; productType = "com.apple.product-type.application"; productReference = 4E783A9E10D2A8ABA38CD11C; buildConfigurationList = 976B52545947CA66FD9EF2A4; buildPhases = (F612CD2E22E187AC48B5913C, 69680EDE0CF9B24DB8DBFE04, 86F6FE2DD6E869C1842A14B3); buildRules = (); dependencies = (); packageProductDependencies = (8D6A224FA1D1DD751157EB0C); };
		98F54143AB4E86B28C3AFEE0 = { isa = PBXProject; attributes = { LastUpgradeCheck = 1600; }; buildConfigurationList = 640DC9EFD529235A8D9E2727; compatibilityVersion = "Xcode 14.0"; developmentRegion = en; hasScannedForEncodings = 0; knownRegions = (en, Base); mainGroup = 42944EBC669F21BC22392EB5; productRefGroup = 615B463D1028E4E24B674CF7; projectDirPath = ""; projectRoot = ""; targets = (F75109BEB4DD8800DA6B45F8); packageReferences = (CF21FADD42EAB8F8303A3895); };
	};
	rootObject = 98F54143AB4E86B28C3AFEE0;
}
